
Microsoft Visual Studio Solution File, Format Version 12.00
# Visual Studio Version 17
VisualStudioVersion = 17.6.33815.320
MinimumVisualStudioVersion = 10.0.40219.1
Project("{FAE04EC0-301F-11D3-BF4B-00C04F79EFBC}") = "PRUEBA USUARIOS", "PRUEBA USUARIOS\PRUEBA USUARIOS.csproj", "{331E296F-BFC4-43E8-BA87-DD6DFFC180C8}"
EndProject
Global
	GlobalSection(SolutionConfigurationPlatforms) = preSolution
		Debug|Any CPU = Debug|Any CPU
		Release|Any CPU = Release|Any CPU
	EndGlobalSection
	GlobalSection(ProjectConfigurationPlatforms) = postSolution
		{331E296F-BFC4-43E8-BA87-DD6DFFC180C8}.Debug|Any CPU.ActiveCfg = Debug|Any CPU
		{331E296F-BFC4-43E8-BA87-DD6DFFC180C8}.Debug|Any CPU.Build.0 = Debug|Any CPU
		{331E296F-BFC4-43E8-BA87-DD6DFFC180C8}.Release|Any CPU.ActiveCfg = Release|Any CPU
		{331E296F-BFC4-43E8-BA87-DD6DFFC180C8}.Release|Any CPU.Build.0 = Release|Any CPU
	EndGlobalSection
	GlobalSection(SolutionProperties) = preSolution
		HideSolutionNode = FALSE
	EndGlobalSection
	GlobalSection(ExtensibilityGlobals) = postSolution
		SolutionGuid = {CC68B34D-2EDD-4FBA-9A51-663456F6E093}
	EndGlobalSection
EndGlobal
